// !$*UTF8*$!
{
	archiveVersion = 1;
	classes = {
	};
	objectVersion = 50;
	objects = {

/* Begin PBXBuildFile section */
		D1D63F7422A6E5CB00C12685 /* AppDelegate.swift in Sources */ = {isa = PBXBuildFile; fileRef = D1D63F7322A6E5CB00C12685 /* AppDelegate.swift */; };
		D1D63F7622A6E5CB00C12685 /* ViewController.swift in Sources */ = {isa = PBXBuildFile; fileRef = D1D63F7522A6E5CB00C12685 /* ViewController.swift */; };
		D1D63F7922A6E5CB00C12685 /* Main.storyboard in Resources */ = {isa = PBXBuildFile; fileRef = D1D63F7722A6E5CB00C12685 /* Main.storyboard */; };
		D1D63F7B22A6E5CE00C12685 /* Assets.xcassets in Resources */ = {isa = PBXBuildFile; fileRef = D1D63F7A22A6E5CE00C12685 /* Assets.xcassets */; };
		D1D63F7E22A6E5CE00C12685 /* LaunchScreen.storyboard in Resources */ = {isa = PBXBuildFile; fileRef = D1D63F7C22A6E5CE00C12685 /* LaunchScreen.storyboard */; };
		D1D63F8922A6E5CE00C12685 /* TouchToneTests.swift in Sources */ = {isa = PBXBuildFile; fileRef = D1D63F8822A6E5CE00C12685 /* TouchToneTests.swift */; };
		D1D63F9622A876EF00C12685 /* ToneGenerator.m in Sources */ = {isa = PBXBuildFile; fileRef = D1D63F9522A876EF00C12685 /* ToneGenerator.m */; };
		D1D63F9722A876EF00C12685 /* ToneGenerator.m in Sources */ = {isa = PBXBuildFile; fileRef = D1D63F9522A876EF00C12685 /* ToneGenerator.m */; };
/* End PBXBuildFile section */

/* Begin PBXContainerItemProxy section */
		D1D63F8522A6E5CE00C12685 /* PBXContainerItemProxy */ = {
			isa = PBXContainerItemProxy;
			containerPortal = D1D63F6822A6E5CB00C12685 /* Project object */;
			proxyType = 1;
			remoteGlobalIDString = D1D63F6F22A6E5CB00C12685;
			remoteInfo = TouchTone;
		};
/* End PBXContainerItemProxy section */

/* Begin PBXFileReference section */
		D1D63F7022A6E5CB00C12685 /* TouchTone.app */ = {isa = PBXFileReference; explicitFileType = wrapper.application; includeInIndex = 0; path = TouchTone.app; sourceTree = BUILT_PRODUCTS_DIR; };
		D1D63F7322A6E5CB00C12685 /* AppDelegate.swift */ = {isa = PBXFileReference; lastKnownFileType = sourcecode.swift; path = AppDelegate.swift; sourceTree = "<group>"; };
		D1D63F7522A6E5CB00C12685 /* ViewController.swift */ = {isa = PBXFileReference; lastKnownFileType = sourcecode.swift; path = ViewController.swift; sourceTree = "<group>"; };
		D1D63F7822A6E5CB00C12685 /* Base */ = {isa = PBXFileReference; lastKnownFileType = file.storyboard; name = Base; path = Base.lproj/Main.storyboard; sourceTree = "<group>"; };
		D1D63F7A22A6E5CE00C12685 /* Assets.xcassets */ = {isa = PBXFileReference; lastKnownFileType = folder.assetcatalog; path = Assets.xcassets; sourceTree = "<group>"; };
		D1D63F7D22A6E5CE00C12685 /* Base */ = {isa = PBXFileReference; lastKnownFileType = file.storyboard; name = Base; path = Base.lproj/LaunchScreen.storyboard; sourceTree = "<group>"; };
		D1D63F7F22A6E5CE00C12685 /* Info.plist */ = {isa = PBXFileReference; lastKnownFileType = text.plist.xml; path = Info.plist; sourceTree = "<group>"; };
		D1D63F8422A6E5CE00C12685 /* TouchToneTests.xctest */ = {isa = PBXFileReference; explicitFileType = wrapper.cfbundle; includeInIndex = 0; path = TouchToneTests.xctest; sourceTree = BUILT_PRODUCTS_DIR; };
		D1D63F8822A6E5CE00C12685 /* TouchToneTests.swift */ = {isa = PBXFileReference; lastKnownFileType = sourcecode.swift; path = TouchToneTests.swift; sourceTree = "<group>"; };
		D1D63F8A22A6E5CE00C12685 /* Info.plist */ = {isa = PBXFileReference; lastKnownFileType = text.plist.xml; path = Info.plist; sourceTree = "<group>"; };
		D1D63F9322A876EF00C12685 /* TouchTone-Bridging-Header.h */ = {isa = PBXFileReference; lastKnownFileType = sourcecode.c.h; path = "TouchTone-Bridging-Header.h"; sourceTree = "<group>"; };
		D1D63F9422A876EF00C12685 /* TouchToneTests-Bridging-Header.h */ = {isa = PBXFileReference; lastKnownFileType = sourcecode.c.h; path = "TouchToneTests-Bridging-Header.h"; sourceTree = "<group>"; };
		D1D63F9522A876EF00C12685 /* ToneGenerator.m */ = {isa = PBXFileReference; lastKnownFileType = sourcecode.c.objc; path = ToneGenerator.m; sourceTree = "<group>"; };
		D1D63F9822A878CB00C12685 /* ToneGenerator.h */ = {isa = PBXFileReference; lastKnownFileType = sourcecode.c.h; path = ToneGenerator.h; sourceTree = "<group>"; };
/* End PBXFileReference section */

/* Begin PBXFrameworksBuildPhase section */
		D1D63F6D22A6E5CB00C12685 /* Frameworks */ = {
			isa = PBXFrameworksBuildPhase;
			buildActionMask = 2147483647;
			files = (
			);
			runOnlyForDeploymentPostprocessing = 0;
		};
		D1D63F8122A6E5CE00C12685 /* Frameworks */ = {
			isa = PBXFrameworksBuildPhase;
			buildActionMask = 2147483647;
			files = (
			);
			runOnlyForDeploymentPostprocessing = 0;
		};
/* End PBXFrameworksBuildPhase section */

/* Begin PBXGroup section */
		D1D63F6722A6E5CB00C12685 = {
			isa = PBXGroup;
			children = (
				D1D63F7222A6E5CB00C12685 /* TouchTone */,
				D1D63F8722A6E5CE00C12685 /* TouchToneTests */,
				D1D63F7122A6E5CB00C12685 /* Products */,
			);
			sourceTree = "<group>";
		};
		D1D63F7122A6E5CB00C12685 /* Products */ = {
			isa = PBXGroup;
			children = (
				D1D63F7022A6E5CB00C12685 /* TouchTone.app */,
				D1D63F8422A6E5CE00C12685 /* TouchToneTests.xctest */,
			);
			name = Products;
			sourceTree = "<group>";
		};
		D1D63F7222A6E5CB00C12685 /* TouchTone */ = {
			isa = PBXGroup;
			children = (
				D1D63F7322A6E5CB00C12685 /* AppDelegate.swift */,
				D1D63F7522A6E5CB00C12685 /* ViewController.swift */,
				D1D63F7722A6E5CB00C12685 /* Main.storyboard */,
				D1D63F7A22A6E5CE00C12685 /* Assets.xcassets */,
				D1D63F7C22A6E5CE00C12685 /* LaunchScreen.storyboard */,
				D1D63F7F22A6E5CE00C12685 /* Info.plist */,
				D1D63F9522A876EF00C12685 /* ToneGenerator.m */,
				D1D63F9822A878CB00C12685 /* ToneGenerator.h */,
				D1D63F9322A876EF00C12685 /* TouchTone-Bridging-Header.h */,
				D1D63F9422A876EF00C12685 /* TouchToneTests-Bridging-Header.h */,
			);
			path = TouchTone;
			sourceTree = "<group>";
		};
		D1D63F8722A6E5CE00C12685 /* TouchToneTests */ = {
			isa = PBXGroup;
			children = (
				D1D63F8822A6E5CE00C12685 /* TouchToneTests.swift */,
				D1D63F8A22A6E5CE00C12685 /* Info.plist */,
			);
			path = TouchToneTests;
			sourceTree = "<group>";
		};
/* End PBXGroup section */

/* Begin PBXNativeTarget section */
		D1D63F6F22A6E5CB00C12685 /* TouchTone */ = {
			isa = PBXNativeTarget;
			buildConfigurationList = D1D63F8D22A6E5CE00C12685 /* Build configuration list for PBXNativeTarget "TouchTone" */;
			buildPhases = (
				D1D63F6C22A6E5CB00C12685 /* Sources */,
				D1D63F6D22A6E5CB00C12685 /* Frameworks */,
				D1D63F6E22A6E5CB00C12685 /* Resources */,
			);
			buildRules = (
			);
			dependencies = (
			);
			name = TouchTone;
			productName = TouchTone;
			productReference = D1D63F7022A6E5CB00C12685 /* TouchTone.app */;
			productType = "com.apple.product-type.application";
		};
		D1D63F8322A6E5CE00C12685 /* TouchToneTests */ = {
			isa = PBXNativeTarget;
			buildConfigurationList = D1D63F9022A6E5CE00C12685 /* Build configuration list for PBXNativeTarget "TouchToneTests" */;
			buildPhases = (
				D1D63F8022A6E5CE00C12685 /* Sources */,
				D1D63F8122A6E5CE00C12685 /* Frameworks */,
				D1D63F8222A6E5CE00C12685 /* Resources */,
			);
			buildRules = (
			);
			dependencies = (
				D1D63F8622A6E5CE00C12685 /* PBXTargetDependency */,
			);
			name = TouchToneTests;
			productName = TouchToneTests;
			productReference = D1D63F8422A6E5CE00C12685 /* TouchToneTests.xctest */;
			productType = "com.apple.product-type.bundle.unit-test";
		};
/* End PBXNativeTarget section */

/* Begin PBXProject section */
		D1D63F6822A6E5CB00C12685 /* Project object */ = {
			isa = PBXProject;
			attributes = {
				LastSwiftUpdateCheck = 1020;
				LastUpgradeCheck = 1020;
				ORGANIZATIONNAME = "Binnur Al-Kazily";
				TargetAttributes = {
					D1D63F6F22A6E5CB00C12685 = {
						CreatedOnToolsVersion = 10.2.1;
						LastSwiftMigration = 1020;
					};
					D1D63F8322A6E5CE00C12685 = {
						CreatedOnToolsVersion = 10.2.1;
						LastSwiftMigration = 1020;
						TestTargetID = D1D63F6F22A6E5CB00C12685;
					};
				};
			};
			buildConfigurationList = D1D63F6B22A6E5CB00C12685 /* Build configuration list for PBXProject "TouchTone" */;
			compatibilityVersion = "Xcode 9.3";
			developmentRegion = en;
			hasScannedForEncodings = 0;
			knownRegions = (
				en,
				Base,
			);
			mainGroup = D1D63F6722A6E5CB00C12685;
			productRefGroup = D1D63F7122A6E5CB00C12685 /* Products */;
			projectDirPath = "";
			projectRoot = "";
			targets = (
				D1D63F6F22A6E5CB00C12685 /* TouchTone */,
				D1D63F8322A6E5CE00C12685 /* TouchToneTests */,
			);
		};
/* End PBXProject section */

/* Begin PBXResourcesBuildPhase section */
		D1D63F6E22A6E5CB00C12685 /* Resources */ = {
			isa = PBXResourcesBuildPhase;
			buildActionMask = 2147483647;
			files = (
				D1D63F7E22A6E5CE00C12685 /* LaunchScreen.storyboard in Resources */,
				D1D63F7B22A6E5CE00C12685 /* Assets.xcassets in Resources */,
				D1D63F7922A6E5CB00C12685 /* Main.storyboard in Resources */,
			);
			runOnlyForDeploymentPostprocessing = 0;
		};
		D1D63F8222A6E5CE00C12685 /* Resources */ = {
			isa = PBXResourcesBuildPhase;
			buildActionMask = 2147483647;
			files = (
			);
			runOnlyForDeploymentPostprocessing = 0;
		};
/* End PBXResourcesBuildPhase section */

/* Begin PBXSourcesBuildPhase section */
		D1D63F6C22A6E5CB00C12685 /* Sources */ = {
			isa = PBXSourcesBuildPhase;
			buildActionMask = 2147483647;
			files = (
				D1D63F7622A6E5CB00C12685 /* ViewController.swift in Sources */,
				D1D63F7422A6E5CB00C12685 /* AppDelegate.swift in Sources */,
				D1D63F9622A876EF00C12685 /* ToneGenerator.m in Sources */,
			);
			runOnlyForDeploymentPostprocessing = 0;
		};
		D1D63F8022A6E5CE00C12685 /* Sources */ = {
			isa = PBXSourcesBuildPhase;
			buildActionMask = 2147483647;
			files = (
				D1D63F8922A6E5CE00C12685 /* TouchToneTests.swift in Sources */,
				D1D63F9722A876EF00C12685 /* ToneGenerator.m in Sources */,
			);
			runOnlyForDeploymentPostprocessing = 0;
		};
/* End PBXSourcesBuildPhase section */

/* Begin PBXTargetDependency section */
		D1D63F8622A6E5CE00C12685 /* PBXTargetDependency */ = {
			isa = PBXTargetDependency;
			target = D1D63F6F22A6E5CB00C12685 /* TouchTone */;
			targetProxy = D1D63F8522A6E5CE00C12685 /* PBXContainerItemProxy */;
		};
/* End PBXTargetDependency section */

/* Begin PBXVariantGroup section */
		D1D63F7722A6E5CB00C12685 /* Main.storyboard */ = {
			isa = PBXVariantGroup;
			children = (
				D1D63F7822A6E5CB00C12685 /* Base */,
			);
			name = Main.storyboard;
			sourceTree = "<group>";
		};
		D1D63F7C22A6E5CE00C12685 /* LaunchScreen.storyboard */ = {
			isa = PBXVariantGroup;
			children = (
				D1D63F7D22A6E5CE00C12685 /* Base */,
			);
			name = LaunchScreen.storyboard;
			sourceTree = "<group>";
		};
/* End PBXVariantGroup section */

/* Begin XCBuildConfiguration section */
		D1D63F8B22A6E5CE00C12685 /* Debug */ = {
			isa = XCBuildConfiguration;
			buildSettings = {
				ALWAYS_SEARCH_USER_PATHS = NO;
				CLANG_ANALYZER_NONNULL = YES;
				CLANG_ANALYZER_NUMBER_OBJECT_CONVERSION = YES_AGGRESSIVE;
				CLANG_CXX_LANGUAGE_STANDARD = "gnu++14";
				CLANG_CXX_LIBRARY = "libc++";
				CLANG_ENABLE_MODULES = YES;
				CLANG_ENABLE_OBJC_ARC = YES;
				CLANG_ENABLE_OBJC_WEAK = YES;
				CLANG_WARN_BLOCK_CAPTURE_AUTORELEASING = YES;
				CLANG_WARN_BOOL_CONVERSION = YES;
				CLANG_WARN_COMMA = YES;
				CLANG_WARN_CONSTANT_CONVERSION = YES;
				CLANG_WARN_DEPRECATED_OBJC_IMPLEMENTATIONS = YES;
				CLANG_WARN_DIRECT_OBJC_ISA_USAGE = YES_ERROR;
				CLANG_WARN_DOCUMENTATION_COMMENTS = YES;
				CLANG_WARN_EMPTY_BODY = YES;
				CLANG_WARN_ENUM_CONVERSION = YES;
				CLANG_WARN_INFINITE_RECURSION = YES;
				CLANG_WARN_INT_CONVERSION = YES;
				CLANG_WARN_NON_LITERAL_NULL_CONVERSION = YES;
				CLANG_WARN_OBJC_IMPLICIT_RETAIN_SELF = YES;
				CLANG_WARN_OBJC_LITERAL_CONVERSION = YES;
				CLANG_WARN_OBJC_ROOT_CLASS = YES_ERROR;
				CLANG_WARN_RANGE_LOOP_ANALYSIS = YES;
				CLANG_WARN_STRICT_PROTOTYPES = YES;
				CLANG_WARN_SUSPICIOUS_MOVE = YES;
				CLANG_WARN_UNGUARDED_AVAILABILITY = YES_AGGRESSIVE;
				CLANG_WARN_UNREACHABLE_CODE = YES;
				CLANG_WARN__DUPLICATE_METHOD_MATCH = YES;
				CODE_SIGN_IDENTITY = "iPhone Developer";
				COPY_PHASE_STRIP = NO;
				DEBUG_INFORMATION_FORMAT = dwarf;
				ENABLE_STRICT_OBJC_MSGSEND = YES;
				ENABLE_TESTABILITY = YES;
				GCC_C_LANGUAGE_STANDARD = gnu11;
				GCC_DYNAMIC_NO_PIC = NO;
				GCC_NO_COMMON_BLOCKS = YES;
				GCC_OPTIMIZATION_LEVEL = 0;
				GCC_PREPROCESSOR_DEFINITIONS = (
					"DEBUG=1",
					"$(inherited)",
				);
				GCC_WARN_64_TO_32_BIT_CONVERSION = YES;
				GCC_WARN_ABOUT_RETURN_TYPE = YES_ERROR;
				GCC_WARN_UNDECLARED_SELECTOR = YES;
				GCC_WARN_UNINITIALIZED_AUTOS = YES_AGGRESSIVE;
				GCC_WARN_UNUSED_FUNCTION = YES;
				GCC_WARN_UNUSED_VARIABLE = YES;
				IPHONEOS_DEPLOYMENT_TARGET = 12.2;
				MTL_ENABLE_DEBUG_INFO = INCLUDE_SOURCE;
				MTL_FAST_MATH = YES;
				ONLY_ACTIVE_ARCH = YES;
				SDKROOT = iphoneos;
				SWIFT_ACTIVE_COMPILATION_CONDITIONS = DEBUG;
				SWIFT_OPTIMIZATION_LEVEL = "-Onone";
			};
			name = Debug;
		};
		D1D63F8C22A6E5CE00C12685 /* Release */ = {
			isa = XCBuildConfiguration;
			buildSettings = {
				ALWAYS_SEARCH_USER_PATHS = NO;
				CLANG_ANALYZER_NONNULL = YES;
				CLANG_ANALYZER_NUMBER_OBJECT_CONVERSION = YES_AGGRESSIVE;
				CLANG_CXX_LANGUAGE_STANDARD = "gnu++14";
				CLANG_CXX_LIBRARY = "libc++";
				CLANG_ENABLE_MODULES = YES;
				CLANG_ENABLE_OBJC_ARC = YES;
				CLANG_ENABLE_OBJC_WEAK = YES;
				CLANG_WARN_BLOCK_CAPTURE_AUTORELEASING = YES;
				CLANG_WARN_BOOL_CONVERSION = YES;
				CLANG_WARN_COMMA = YES;
				CLANG_WARN_CONSTANT_CONVERSION = YES;
				CLANG_WARN_DEPRECATED_OBJC_IMPLEMENTATIONS = YES;
				CLANG_WARN_DIRECT_OBJC_ISA_USAGE = YES_ERROR;
				CLANG_WARN_DOCUMENTATION_COMMENTS = YES;
				CLANG_WARN_EMPTY_BODY = YES;
				CLANG_WARN_ENUM_CONVERSION = YES;
				CLANG_WARN_INFINITE_RECURSION = YES;
				CLANG_WARN_INT_CONVERSION = YES;
				CLANG_WARN_NON_LITERAL_NULL_CONVERSION = YES;
				CLANG_WARN_OBJC_IMPLICIT_RETAIN_SELF = YES;
				CLANG_WARN_OBJC_LITERAL_CONVERSION = YES;
				CLANG_WARN_OBJC_ROOT_CLASS = YES_ERROR;
				CLANG_WARN_RANGE_LOOP_ANALYSIS = YES;
				CLANG_WARN_STRICT_PROTOTYPES = YES;
				CLANG_WARN_SUSPICIOUS_MOVE = YES;
				CLANG_WARN_UNGUARDED_AVAILABILITY = YES_AGGRESSIVE;
				CLANG_WARN_UNREACHABLE_CODE = YES;
				CLANG_WARN__DUPLICATE_METHOD_MATCH = YES;
				CODE_SIGN_IDENTITY = "iPhone Developer";
				COPY_PHASE_STRIP = NO;
				DEBUG_INFORMATION_FORMAT = "dwarf-with-dsym";
				ENABLE_NS_ASSERTIONS = NO;
				ENABLE_STRICT_OBJC_MSGSEND = YES;
				GCC_C_LANGUAGE_STANDARD = gnu11;
				GCC_NO_COMMON_BLOCKS = YES;
				GCC_WARN_64_TO_32_BIT_CONVERSION = YES;
				GCC_WARN_ABOUT_RETURN_TYPE = YES_ERROR;
				GCC_WARN_UNDECLARED_SELECTOR = YES;
				GCC_WARN_UNINITIALIZED_AUTOS = YES_AGGRESSIVE;
				GCC_WARN_UNUSED_FUNCTION = YES;
				GCC_WARN_UNUSED_VARIABLE = YES;
				IPHONEOS_DEPLOYMENT_TARGET = 12.2;
				MTL_ENABLE_DEBUG_INFO = NO;
				MTL_FAST_MATH = YES;
				SDKROOT = iphoneos;
				SWIFT_COMPILATION_MODE = wholemodule;
				SWIFT_OPTIMIZATION_LEVEL = "-O";
				VALIDATE_PRODUCT = YES;
			};
			name = Release;
		};
		D1D63F8E22A6E5CE00C12685 /* Debug */ = {
			isa = XCBuildConfiguration;
			buildSettings = {
				ASSETCATALOG_COMPILER_APPICON_NAME = AppIcon;
				CLANG_ENABLE_MODULES = YES;
				CODE_SIGN_STYLE = Automatic;
				DEVELOPMENT_TEAM = KPVPWKR7EU;
				INFOPLIST_FILE = TouchTone/Info.plist;
				LD_RUNPATH_SEARCH_PATHS = (
					"$(inherited)",
					"@executable_path/Frameworks",
				);
				PRODUCT_BUNDLE_IDENTIFIER = binnur.TouchTone;
				PRODUCT_NAME = "$(TARGET_NAME)";
				SWIFT_OBJC_BRIDGING_HEADER = "TouchTone/TouchTone-Bridging-Header.h";
				SWIFT_OPTIMIZATION_LEVEL = "-Onone";
				SWIFT_VERSION = 5.0;
				TARGETED_DEVICE_FAMILY = "1,2";
			};
			name = Debug;
		};
		D1D63F8F22A6E5CE00C12685 /* Release */ = {
			isa = XCBuildConfiguration;
			buildSettings = {
				ASSETCATALOG_COMPILER_APPICON_NAME = AppIcon;
				CLANG_ENABLE_MODULES = YES;
				CODE_SIGN_STYLE = Automatic;
				DEVELOPMENT_TEAM = KPVPWKR7EU;
				INFOPLIST_FILE = TouchTone/Info.plist;
				LD_RUNPATH_SEARCH_PATHS = (
					"$(inherited)",
					"@executable_path/Frameworks",
				);
				PRODUCT_BUNDLE_IDENTIFIER = binnur.TouchTone;
				PRODUCT_NAME = "$(TARGET_NAME)";
				SWIFT_OBJC_BRIDGING_HEADER = "TouchTone/TouchTone-Bridging-Header.h";
				SWIFT_VERSION = 5.0;
				TARGETED_DEVICE_FAMILY = "1,2";
			};
			name = Release;
		};
		D1D63F9122A6E5CE00C12685 /* Debug */ = {
			isa = XCBuildConfiguration;
			buildSettings = {
				ALWAYS_EMBED_SWIFT_STANDARD_LIBRARIES = YES;
				BUNDLE_LOADER = "$(TEST_HOST)";
				CLANG_ENABLE_MODULES = YES;
				CODE_SIGN_STYLE = Automatic;
				INFOPLIST_FILE = TouchToneTests/Info.plist;
				LD_RUNPATH_SEARCH_PATHS = (
					"$(inherited)",
					"@executable_path/Frameworks",
					"@loader_path/Frameworks",
				);
				PRODUCT_BUNDLE_IDENTIFIER = binnur.TouchToneTests;
				PRODUCT_NAME = "$(TARGET_NAME)";
				SWIFT_OBJC_BRIDGING_HEADER = "TouchTone/TouchToneTests-Bridging-Header.h";
				SWIFT_OPTIMIZATION_LEVEL = "-Onone";
				SWIFT_VERSION = 5.0;
				TARGETED_DEVICE_FAMILY = "1,2";
				TEST_HOST = "$(BUILT_PRODUCTS_DIR)/TouchTone.app/TouchTone";
			};
			name = Debug;
		};
		D1D63F9222A6E5CE00C12685 /* Release */ = {
			isa = XCBuildConfiguration;
			buildSettings = {
				ALWAYS_EMBED_SWIFT_STANDARD_LIBRARIES = YES;
				BUNDLE_LOADER = "$(TEST_HOST)";
				CLANG_ENABLE_MODULES = YES;
				CODE_SIGN_STYLE = Automatic;
				INFOPLIST_FILE = TouchToneTests/Info.plist;
				LD_RUNPATH_SEARCH_PATHS = (
					"$(inherited)",
					"@executable_path/Frameworks",
					"@loader_path/Frameworks",
				);
				PRODUCT_BUNDLE_IDENTIFIER = binnur.TouchToneTests;
				PRODUCT_NAME = "$(TARGET_NAME)";
				SWIFT_OBJC_BRIDGING_HEADER = "TouchTone/TouchToneTests-Bridging-Header.h";
				SWIFT_VERSION = 5.0;
				TARGETED_DEVICE_FAMILY = "1,2";
				TEST_HOST = "$(BUILT_PRODUCTS_DIR)/TouchTone.app/TouchTone";
			};
			name = Release;
		};
/* End XCBuildConfiguration section */

/* Begin XCConfigurationList section */
		D1D63F6B22A6E5CB00C12685 /* Build configuration list for PBXProject "TouchTone" */ = {
			isa = XCConfigurationList;
			buildConfigurations = (
				D1D63F8B22A6E5CE00C12685 /* Debug */,
				D1D63F8C22A6E5CE00C12685 /* Release */,
			);
			defaultConfigurationIsVisible = 0;
			defaultConfigurationName = Release;
		};
		D1D63F8D22A6E5CE00C12685 /* Build configuration list for PBXNativeTarget "TouchTone" */ = {
			isa = XCConfigurationList;
			buildConfigurations = (
				D1D63F8E22A6E5CE00C12685 /* Debug */,
				D1D63F8F22A6E5CE00C12685 /* Release */,
			);
			defaultConfigurationIsVisible = 0;
			defaultConfigurationName = Release;
		};
		D1D63F9022A6E5CE00C12685 /* Build configuration list for PBXNativeTarget "TouchToneTests" */ = {
			isa = XCConfigurationList;
			buildConfigurations = (
				D1D63F9122A6E5CE00C12685 /* Debug */,
				D1D63F9222A6E5CE00C12685 /* Release */,
			);
			defaultConfigurationIsVisible = 0;
			defaultConfigurationName = Release;
		};
/* End XCConfigurationList section */
	};
	rootObject = D1D63F6822A6E5CB00C12685 /* Project object */;
}
